
Microsoft Visual Studio Solution File, Format Version 12.00
# Visual Studio Version 16
VisualStudioVersion = 16.0.29728.190
MinimumVisualStudioVersion = 10.0.40219.1
Project("{FAE04EC0-301F-11D3-BF4B-00C04F79EFBC}") = "Oppgave1_FizzBuzz", "Oppgave1_FizzBuzz.csproj", "{414A54A3-A458-461A-90ED-F18E9F04C4D0}"
EndProject
Project("{FAE04EC0-301F-11D3-BF4B-00C04F79EFBC}") = "Oppgave1_FizzBuzz_Test", "..\Oppgave1_FizzBuzz_Test\Oppgave1_FizzBuzz_Test.csproj", "{CA04AC22-842F-4777-9AF0-582D48B063AE}"
EndProject
Global
	GlobalSection(SolutionConfigurationPlatforms) = preSolution
		Debug|Any CPU = Debug|Any CPU
		Release|Any CPU = Release|Any CPU
	EndGlobalSection
	GlobalSection(ProjectConfigurationPlatforms) = postSolution
		{414A54A3-A458-461A-90ED-F18E9F04C4D0}.Debug|Any CPU.ActiveCfg = Debug|Any CPU
		{414A54A3-A458-461A-90ED-F18E9F04C4D0}.Debug|Any CPU.Build.0 = Debug|Any CPU
		{414A54A3-A458-461A-90ED-F18E9F04C4D0}.Release|Any CPU.ActiveCfg = Release|Any CPU
		{414A54A3-A458-461A-90ED-F18E9F04C4D0}.Release|Any CPU.Build.0 = Release|Any CPU
		{CA04AC22-842F-4777-9AF0-582D48B063AE}.Debug|Any CPU.ActiveCfg = Debug|Any CPU
		{CA04AC22-842F-4777-9AF0-582D48B063AE}.Debug|Any CPU.Build.0 = Debug|Any CPU
		{CA04AC22-842F-4777-9AF0-582D48B063AE}.Release|Any CPU.ActiveCfg = Release|Any CPU
		{CA04AC22-842F-4777-9AF0-582D48B063AE}.Release|Any CPU.Build.0 = Release|Any CPU
	EndGlobalSection
	GlobalSection(SolutionProperties) = preSolution
		HideSolutionNode = FALSE
	EndGlobalSection
	GlobalSection(ExtensibilityGlobals) = postSolution
		SolutionGuid = {F9E27E38-E457-49B1-A7E7-1594DBC0C839}
	EndGlobalSection
EndGlobal
